
Microsoft Visual Studio Solution File, Format Version 12.00
# Visual Studio 15
VisualStudioVersion = 15.0.28307.271
MinimumVisualStudioVersion = 10.0.40219.1
Project("{FAE04EC0-301F-11D3-BF4B-00C04F79EFBC}") = "Threads", "Threads\Threads.csproj", "{6BD20C75-6513-4FFE-8AE5-5A3A8B6EA126}"
EndProject
Global
	GlobalSection(SolutionConfigurationPlatforms) = preSolution
		Debug|Any CPU = Debug|Any CPU
		Release|Any CPU = Release|Any CPU
	EndGlobalSection
	GlobalSection(ProjectConfigurationPlatforms) = postSolution
		{6BD20C75-6513-4FFE-8AE5-5A3A8B6EA126}.Debug|Any CPU.ActiveCfg = Debug|Any CPU
		{6BD20C75-6513-4FFE-8AE5-5A3A8B6EA126}.Debug|Any CPU.Build.0 = Debug|Any CPU
		{6BD20C75-6513-4FFE-8AE5-5A3A8B6EA126}.Release|Any CPU.ActiveCfg = Release|Any CPU
		{6BD20C75-6513-4FFE-8AE5-5A3A8B6EA126}.Release|Any CPU.Build.0 = Release|Any CPU
	EndGlobalSection
	GlobalSection(SolutionProperties) = preSolution
		HideSolutionNode = FALSE
	EndGlobalSection
	GlobalSection(ExtensibilityGlobals) = postSolution
		SolutionGuid = {9AD95DA3-5A1D-45CC-9CC7-3120E3B2A596}
	EndGlobalSection
EndGlobal
